
Microsoft Visual Studio Solution File, Format Version 12.00
# Visual Studio Version 16
VisualStudioVersion = 16.0.31129.286
MinimumVisualStudioVersion = 10.0.40219.1
Project("{FAE04EC0-301F-11D3-BF4B-00C04F79EFBC}") = "WeightAndBalance", "WeightAndBalance.csproj", "{E6745508-DE34-4F0A-99B7-79B309F4B1EB}"
EndProject
Global
	GlobalSection(SolutionConfigurationPlatforms) = preSolution
		Debug|Any CPU = Debug|Any CPU
		Release|Any CPU = Release|Any CPU
	EndGlobalSection
	GlobalSection(ProjectConfigurationPlatforms) = postSolution
		{E6745508-DE34-4F0A-99B7-79B309F4B1EB}.Debug|Any CPU.ActiveCfg = Debug|Any CPU
		{E6745508-DE34-4F0A-99B7-79B309F4B1EB}.Debug|Any CPU.Build.0 = Debug|Any CPU
		{E6745508-DE34-4F0A-99B7-79B309F4B1EB}.Release|Any CPU.ActiveCfg = Release|Any CPU
		{E6745508-DE34-4F0A-99B7-79B309F4B1EB}.Release|Any CPU.Build.0 = Release|Any CPU
	EndGlobalSection
	GlobalSection(SolutionProperties) = preSolution
		HideSolutionNode = FALSE
	EndGlobalSection
	GlobalSection(ExtensibilityGlobals) = postSolution
		SolutionGuid = {4CACDA25-0C31-4A61-B9CF-155545F4419C}
	EndGlobalSection
EndGlobal
